
Microsoft Visual Studio Solution File, Format Version 12.00
# Visual Studio Version 16
VisualStudioVersion = 16.0.34601.136
MinimumVisualStudioVersion = 10.0.40219.1
Project("{FAE04EC0-301F-11D3-BF4B-00C04F79EFBC}") = "Tp_Nro1", "WindowsFormsApp1\Tp_Nro1.csproj", "{16A867D5-82C6-4EBD-A4A1-F6CA30554A94}"
EndProject
Global
	GlobalSection(SolutionConfigurationPlatforms) = preSolution
		Debug|Any CPU = Debug|Any CPU
		Release|Any CPU = Release|Any CPU
	EndGlobalSection
	GlobalSection(ProjectConfigurationPlatforms) = postSolution
		{16A867D5-82C6-4EBD-A4A1-F6CA30554A94}.Debug|Any CPU.ActiveCfg = Debug|Any CPU
		{16A867D5-82C6-4EBD-A4A1-F6CA30554A94}.Debug|Any CPU.Build.0 = Debug|Any CPU
		{16A867D5-82C6-4EBD-A4A1-F6CA30554A94}.Release|Any CPU.ActiveCfg = Release|Any CPU
		{16A867D5-82C6-4EBD-A4A1-F6CA30554A94}.Release|Any CPU.Build.0 = Release|Any CPU
	EndGlobalSection
	GlobalSection(SolutionProperties) = preSolution
		HideSolutionNode = FALSE
	EndGlobalSection
	GlobalSection(ExtensibilityGlobals) = postSolution
		SolutionGuid = {AE851C9B-B1AD-4221-8FA7-CDB65A41E831}
	EndGlobalSection
EndGlobal
